
Microsoft Visual Studio Solution File, Format Version 12.00
# Visual Studio Version 17
VisualStudioVersion = 17.9.34728.123
MinimumVisualStudioVersion = 10.0.40219.1
Project("{FAE04EC0-301F-11D3-BF4B-00C04F79EFBC}") = "TurnosBack", "TurnosBack\TurnosBack.csproj", "{92F5D7BA-BB92-40C2-9D67-5D9576BC6AC2}"
EndProject
Project("{FAE04EC0-301F-11D3-BF4B-00C04F79EFBC}") = "TurnosAPI", "TurnosAPI\TurnosAPI.csproj", "{8BBE62F2-1946-40B7-AA45-C465A5F25AE4}"
EndProject
Global
	GlobalSection(SolutionConfigurationPlatforms) = preSolution
		Debug|Any CPU = Debug|Any CPU
		Release|Any CPU = Release|Any CPU
	EndGlobalSection
	GlobalSection(ProjectConfigurationPlatforms) = postSolution
		{92F5D7BA-BB92-40C2-9D67-5D9576BC6AC2}.Debug|Any CPU.ActiveCfg = Debug|Any CPU
		{92F5D7BA-BB92-40C2-9D67-5D9576BC6AC2}.Debug|Any CPU.Build.0 = Debug|Any CPU
		{92F5D7BA-BB92-40C2-9D67-5D9576BC6AC2}.Release|Any CPU.ActiveCfg = Release|Any CPU
		{92F5D7BA-BB92-40C2-9D67-5D9576BC6AC2}.Release|Any CPU.Build.0 = Release|Any CPU
		{8BBE62F2-1946-40B7-AA45-C465A5F25AE4}.Debug|Any CPU.ActiveCfg = Debug|Any CPU
		{8BBE62F2-1946-40B7-AA45-C465A5F25AE4}.Debug|Any CPU.Build.0 = Debug|Any CPU
		{8BBE62F2-1946-40B7-AA45-C465A5F25AE4}.Release|Any CPU.ActiveCfg = Release|Any CPU
		{8BBE62F2-1946-40B7-AA45-C465A5F25AE4}.Release|Any CPU.Build.0 = Release|Any CPU
	EndGlobalSection
	GlobalSection(SolutionProperties) = preSolution
		HideSolutionNode = FALSE
	EndGlobalSection
	GlobalSection(ExtensibilityGlobals) = postSolution
		SolutionGuid = {01F96709-DC3F-4106-B38F-4CBBA02CECF1}
	EndGlobalSection
EndGlobal
